
Microsoft Visual Studio Solution File, Format Version 12.00
# Visual Studio 2013
VisualStudioVersion = 12.0.31101.0
MinimumVisualStudioVersion = 10.0.40219.1
Project("{FAE04EC0-301F-11D3-BF4B-00C04F79EFBC}") = "SecretMessageWebsite", "SecretMessageWebsite\SecretMessageWebsite.csproj", "{C281221F-75A6-4120-8B66-6F3FFE833519}"
EndProject
Project("{2150E333-8FDC-42A3-9474-1A3956D46DE8}") = "PublishScripts", "PublishScripts", "{F71C02B9-60EE-4059-8DC3-EC9EDB41A3CC}"
	ProjectSection(SolutionItems) = preProject
		PublishScripts\AzureWebsitePublishModule.psm1 = PublishScripts\AzureWebsitePublishModule.psm1
		PublishScripts\Publish-WebApplicationWebsite.ps1 = PublishScripts\Publish-WebApplicationWebsite.ps1
	EndProjectSection
EndProject
Project("{2150E333-8FDC-42A3-9474-1A3956D46DE8}") = "Configurations", "Configurations", "{A8B087CD-F162-4702-99C0-E6AAA30BCFF6}"
	ProjectSection(SolutionItems) = preProject
		PublishScripts\Configurations\SecretMessageWebsite-WAWS-dev.json = PublishScripts\Configurations\SecretMessageWebsite-WAWS-dev.json
	EndProjectSection
EndProject
Project("{FAE04EC0-301F-11D3-BF4B-00C04F79EFBC}") = "DataAccess", "DataAccess\DataAccess.csproj", "{FAA0AF8E-15FB-4F8E-BF57-058DC810E487}"
EndProject
Project("{FAE04EC0-301F-11D3-BF4B-00C04F79EFBC}") = "DataAccess.Ef", "DataAccess.Ef\DataAccess.Ef.csproj", "{C87817AC-98BB-4053-9AD5-27B279736DD0}"
EndProject
Project("{FAE04EC0-301F-11D3-BF4B-00C04F79EFBC}") = "ManageDatabaseConsoleApp", "ManageDatabaseConsoleApp\ManageDatabaseConsoleApp.csproj", "{B1263E8E-046E-4193-A790-1F1E74A8CDCB}"
EndProject
Global
	GlobalSection(SolutionConfigurationPlatforms) = preSolution
		Debug|Any CPU = Debug|Any CPU
		Release|Any CPU = Release|Any CPU
	EndGlobalSection
	GlobalSection(ProjectConfigurationPlatforms) = postSolution
		{C281221F-75A6-4120-8B66-6F3FFE833519}.Debug|Any CPU.ActiveCfg = Debug|Any CPU
		{C281221F-75A6-4120-8B66-6F3FFE833519}.Debug|Any CPU.Build.0 = Debug|Any CPU
		{C281221F-75A6-4120-8B66-6F3FFE833519}.Release|Any CPU.ActiveCfg = Release|Any CPU
		{C281221F-75A6-4120-8B66-6F3FFE833519}.Release|Any CPU.Build.0 = Release|Any CPU
		{FAA0AF8E-15FB-4F8E-BF57-058DC810E487}.Debug|Any CPU.ActiveCfg = Debug|Any CPU
		{FAA0AF8E-15FB-4F8E-BF57-058DC810E487}.Debug|Any CPU.Build.0 = Debug|Any CPU
		{FAA0AF8E-15FB-4F8E-BF57-058DC810E487}.Release|Any CPU.ActiveCfg = Release|Any CPU
		{FAA0AF8E-15FB-4F8E-BF57-058DC810E487}.Release|Any CPU.Build.0 = Release|Any CPU
		{C87817AC-98BB-4053-9AD5-27B279736DD0}.Debug|Any CPU.ActiveCfg = Debug|Any CPU
		{C87817AC-98BB-4053-9AD5-27B279736DD0}.Debug|Any CPU.Build.0 = Debug|Any CPU
		{C87817AC-98BB-4053-9AD5-27B279736DD0}.Release|Any CPU.ActiveCfg = Release|Any CPU
		{C87817AC-98BB-4053-9AD5-27B279736DD0}.Release|Any CPU.Build.0 = Release|Any CPU
		{B1263E8E-046E-4193-A790-1F1E74A8CDCB}.Debug|Any CPU.ActiveCfg = Debug|Any CPU
		{B1263E8E-046E-4193-A790-1F1E74A8CDCB}.Debug|Any CPU.Build.0 = Debug|Any CPU
		{B1263E8E-046E-4193-A790-1F1E74A8CDCB}.Release|Any CPU.ActiveCfg = Release|Any CPU
		{B1263E8E-046E-4193-A790-1F1E74A8CDCB}.Release|Any CPU.Build.0 = Release|Any CPU
	EndGlobalSection
	GlobalSection(SolutionProperties) = preSolution
		HideSolutionNode = FALSE
	EndGlobalSection
	GlobalSection(NestedProjects) = preSolution
		{A8B087CD-F162-4702-99C0-E6AAA30BCFF6} = {F71C02B9-60EE-4059-8DC3-EC9EDB41A3CC}
	EndGlobalSection
EndGlobal
